
Microsoft Visual Studio Solution File, Format Version 12.00
# Visual Studio Version 17
VisualStudioVersion = 17.0.31903.59
MinimumVisualStudioVersion = 10.0.40219.1
Project("{2150E333-8FDC-42A3-9474-1A3956D46DE8}") = "src", "src", "{827E0CD3-B72D-47B6-A68D-7590B98EB39B}"
EndProject
Project("{2150E333-8FDC-42A3-9474-1A3956D46DE8}") = "web-api", "web-api", "{05AD66D8-B0BC-0403-B10F-A8864D28CBFE}"
EndProject
Project("{FAE04EC0-301F-11D3-BF4B-00C04F79EFBC}") = "Web.Api", "src\web-api\Web.Api.csproj", "{AEC2E064-3C57-40D1-A384-145309952577}"
EndProject
Project("{2150E333-8FDC-42A3-9474-1A3956D46DE8}") = "ingestion-worker", "ingestion-worker", "{69B16F12-6E07-4346-C21A-045731E68E7A}"
EndProject
Project("{FAE04EC0-301F-11D3-BF4B-00C04F79EFBC}") = "Ingestion.Worker", "src\ingestion-worker\Ingestion.Worker.csproj", "{2DC201BA-7658-4ED1-BCFB-BD1F52176CD1}"
EndProject
Project("{2150E333-8FDC-42A3-9474-1A3956D46DE8}") = "dotnet", "dotnet", "{204ECC8A-4C8C-06A8-7EEC-D568B118FA74}"
EndProject
Project("{2150E333-8FDC-42A3-9474-1A3956D46DE8}") = "application", "application", "{8F63DAC2-0D34-BFD2-36A1-0039A6E2C3DB}"
EndProject
Project("{FAE04EC0-301F-11D3-BF4B-00C04F79EFBC}") = "Application", "src\dotnet\application\Application.csproj", "{4DA684A4-7CA9-45A5-8209-52F97381222C}"
EndProject
Project("{2150E333-8FDC-42A3-9474-1A3956D46DE8}") = "domain", "domain", "{646E8EEF-9AC9-9DA8-EBAE-5468B8EC133F}"
EndProject
Project("{FAE04EC0-301F-11D3-BF4B-00C04F79EFBC}") = "Domain", "src\dotnet\domain\Domain.csproj", "{6B56B9F6-23B4-4F3C-A2D9-1BD88B02B9F0}"
EndProject
Project("{2150E333-8FDC-42A3-9474-1A3956D46DE8}") = "infrastructure", "infrastructure", "{9AEC6508-9497-27D4-01FE-29BD0671C31D}"
EndProject
Project("{FAE04EC0-301F-11D3-BF4B-00C04F79EFBC}") = "Infrastructure", "src\dotnet\infrastructure\Infrastructure.csproj", "{27F2E4E2-F232-4CA9-B42B-3430CD7C3DF9}"
EndProject
Project("{2150E333-8FDC-42A3-9474-1A3956D46DE8}") = "contracts", "contracts", "{3CB232BF-1D9A-D42D-B8D4-D852812FD0EC}"
EndProject
Project("{FAE04EC0-301F-11D3-BF4B-00C04F79EFBC}") = "Contracts", "src\dotnet\contracts\Contracts.csproj", "{98527DC8-1528-4AF4-9168-F860AF332D0B}"
EndProject
Global
	GlobalSection(SolutionConfigurationPlatforms) = preSolution
		Debug|Any CPU = Debug|Any CPU
		Debug|x64 = Debug|x64
		Debug|x86 = Debug|x86
		Release|Any CPU = Release|Any CPU
		Release|x64 = Release|x64
		Release|x86 = Release|x86
	EndGlobalSection
	GlobalSection(ProjectConfigurationPlatforms) = postSolution
		{AEC2E064-3C57-40D1-A384-145309952577}.Debug|Any CPU.ActiveCfg = Debug|Any CPU
		{AEC2E064-3C57-40D1-A384-145309952577}.Debug|Any CPU.Build.0 = Debug|Any CPU
		{AEC2E064-3C57-40D1-A384-145309952577}.Debug|x64.ActiveCfg = Debug|Any CPU
		{AEC2E064-3C57-40D1-A384-145309952577}.Debug|x64.Build.0 = Debug|Any CPU
		{AEC2E064-3C57-40D1-A384-145309952577}.Debug|x86.ActiveCfg = Debug|Any CPU
		{AEC2E064-3C57-40D1-A384-145309952577}.Debug|x86.Build.0 = Debug|Any CPU
		{AEC2E064-3C57-40D1-A384-145309952577}.Release|Any CPU.ActiveCfg = Release|Any CPU
		{AEC2E064-3C57-40D1-A384-145309952577}.Release|Any CPU.Build.0 = Release|Any CPU
		{AEC2E064-3C57-40D1-A384-145309952577}.Release|x64.ActiveCfg = Release|Any CPU
		{AEC2E064-3C57-40D1-A384-145309952577}.Release|x64.Build.0 = Release|Any CPU
		{AEC2E064-3C57-40D1-A384-145309952577}.Release|x86.ActiveCfg = Release|Any CPU
		{AEC2E064-3C57-40D1-A384-145309952577}.Release|x86.Build.0 = Release|Any CPU
		{2DC201BA-7658-4ED1-BCFB-BD1F52176CD1}.Debug|Any CPU.ActiveCfg = Debug|Any CPU
		{2DC201BA-7658-4ED1-BCFB-BD1F52176CD1}.Debug|Any CPU.Build.0 = Debug|Any CPU
		{2DC201BA-7658-4ED1-BCFB-BD1F52176CD1}.Debug|x64.ActiveCfg = Debug|Any CPU
		{2DC201BA-7658-4ED1-BCFB-BD1F52176CD1}.Debug|x64.Build.0 = Debug|Any CPU
		{2DC201BA-7658-4ED1-BCFB-BD1F52176CD1}.Debug|x86.ActiveCfg = Debug|Any CPU
		{2DC201BA-7658-4ED1-BCFB-BD1F52176CD1}.Debug|x86.Build.0 = Debug|Any CPU
		{2DC201BA-7658-4ED1-BCFB-BD1F52176CD1}.Release|Any CPU.ActiveCfg = Release|Any CPU
		{2DC201BA-7658-4ED1-BCFB-BD1F52176CD1}.Release|Any CPU.Build.0 = Release|Any CPU
		{2DC201BA-7658-4ED1-BCFB-BD1F52176CD1}.Release|x64.ActiveCfg = Release|Any CPU
		{2DC201BA-7658-4ED1-BCFB-BD1F52176CD1}.Release|x64.Build.0 = Release|Any CPU
		{2DC201BA-7658-4ED1-BCFB-BD1F52176CD1}.Release|x86.ActiveCfg = Release|Any CPU
		{2DC201BA-7658-4ED1-BCFB-BD1F52176CD1}.Release|x86.Build.0 = Release|Any CPU
		{4DA684A4-7CA9-45A5-8209-52F97381222C}.Debug|Any CPU.ActiveCfg = Debug|Any CPU
		{4DA684A4-7CA9-45A5-8209-52F97381222C}.Debug|Any CPU.Build.0 = Debug|Any CPU
		{4DA684A4-7CA9-45A5-8209-52F97381222C}.Debug|x64.ActiveCfg = Debug|Any CPU
		{4DA684A4-7CA9-45A5-8209-52F97381222C}.Debug|x64.Build.0 = Debug|Any CPU
		{4DA684A4-7CA9-45A5-8209-52F97381222C}.Debug|x86.ActiveCfg = Debug|Any CPU
		{4DA684A4-7CA9-45A5-8209-52F97381222C}.Debug|x86.Build.0 = Debug|Any CPU
		{4DA684A4-7CA9-45A5-8209-52F97381222C}.Release|Any CPU.ActiveCfg = Release|Any CPU
		{4DA684A4-7CA9-45A5-8209-52F97381222C}.Release|Any CPU.Build.0 = Release|Any CPU
		{4DA684A4-7CA9-45A5-8209-52F97381222C}.Release|x64.ActiveCfg = Release|Any CPU
		{4DA684A4-7CA9-45A5-8209-52F97381222C}.Release|x64.Build.0 = Release|Any CPU
		{4DA684A4-7CA9-45A5-8209-52F97381222C}.Release|x86.ActiveCfg = Release|Any CPU
		{4DA684A4-7CA9-45A5-8209-52F97381222C}.Release|x86.Build.0 = Release|Any CPU
		{6B56B9F6-23B4-4F3C-A2D9-1BD88B02B9F0}.Debug|Any CPU.ActiveCfg = Debug|Any CPU
		{6B56B9F6-23B4-4F3C-A2D9-1BD88B02B9F0}.Debug|Any CPU.Build.0 = Debug|Any CPU
		{6B56B9F6-23B4-4F3C-A2D9-1BD88B02B9F0}.Debug|x64.ActiveCfg = Debug|Any CPU
		{6B56B9F6-23B4-4F3C-A2D9-1BD88B02B9F0}.Debug|x64.Build.0 = Debug|Any CPU
		{6B56B9F6-23B4-4F3C-A2D9-1BD88B02B9F0}.Debug|x86.ActiveCfg = Debug|Any CPU
		{6B56B9F6-23B4-4F3C-A2D9-1BD88B02B9F0}.Debug|x86.Build.0 = Debug|Any CPU
		{6B56B9F6-23B4-4F3C-A2D9-1BD88B02B9F0}.Release|Any CPU.ActiveCfg = Release|Any CPU
		{6B56B9F6-23B4-4F3C-A2D9-1BD88B02B9F0}.Release|Any CPU.Build.0 = Release|Any CPU
		{6B56B9F6-23B4-4F3C-A2D9-1BD88B02B9F0}.Release|x64.ActiveCfg = Release|Any CPU
		{6B56B9F6-23B4-4F3C-A2D9-1BD88B02B9F0}.Release|x64.Build.0 = Release|Any CPU
		{6B56B9F6-23B4-4F3C-A2D9-1BD88B02B9F0}.Release|x86.ActiveCfg = Release|Any CPU
		{6B56B9F6-23B4-4F3C-A2D9-1BD88B02B9F0}.Release|x86.Build.0 = Release|Any CPU
		{27F2E4E2-F232-4CA9-B42B-3430CD7C3DF9}.Debug|Any CPU.ActiveCfg = Debug|Any CPU
		{27F2E4E2-F232-4CA9-B42B-3430CD7C3DF9}.Debug|Any CPU.Build.0 = Debug|Any CPU
		{27F2E4E2-F232-4CA9-B42B-3430CD7C3DF9}.Debug|x64.ActiveCfg = Debug|Any CPU
		{27F2E4E2-F232-4CA9-B42B-3430CD7C3DF9}.Debug|x64.Build.0 = Debug|Any CPU
		{27F2E4E2-F232-4CA9-B42B-3430CD7C3DF9}.Debug|x86.ActiveCfg = Debug|Any CPU
		{27F2E4E2-F232-4CA9-B42B-3430CD7C3DF9}.Debug|x86.Build.0 = Debug|Any CPU
		{27F2E4E2-F232-4CA9-B42B-3430CD7C3DF9}.Release|Any CPU.ActiveCfg = Release|Any CPU
		{27F2E4E2-F232-4CA9-B42B-3430CD7C3DF9}.Release|Any CPU.Build.0 = Release|Any CPU
		{27F2E4E2-F232-4CA9-B42B-3430CD7C3DF9}.Release|x64.ActiveCfg = Release|Any CPU
		{27F2E4E2-F232-4CA9-B42B-3430CD7C3DF9}.Release|x64.Build.0 = Release|Any CPU
		{27F2E4E2-F232-4CA9-B42B-3430CD7C3DF9}.Release|x86.ActiveCfg = Release|Any CPU
		{27F2E4E2-F232-4CA9-B42B-3430CD7C3DF9}.Release|x86.Build.0 = Release|Any CPU
		{98527DC8-1528-4AF4-9168-F860AF332D0B}.Debug|Any CPU.ActiveCfg = Debug|Any CPU
		{98527DC8-1528-4AF4-9168-F860AF332D0B}.Debug|Any CPU.Build.0 = Debug|Any CPU
		{98527DC8-1528-4AF4-9168-F860AF332D0B}.Debug|x64.ActiveCfg = Debug|Any CPU
		{98527DC8-1528-4AF4-9168-F860AF332D0B}.Debug|x64.Build.0 = Debug|Any CPU
		{98527DC8-1528-4AF4-9168-F860AF332D0B}.Debug|x86.ActiveCfg = Debug|Any CPU
		{98527DC8-1528-4AF4-9168-F860AF332D0B}.Debug|x86.Build.0 = Debug|Any CPU
		{98527DC8-1528-4AF4-9168-F860AF332D0B}.Release|Any CPU.ActiveCfg = Release|Any CPU
		{98527DC8-1528-4AF4-9168-F860AF332D0B}.Release|Any CPU.Build.0 = Release|Any CPU
		{98527DC8-1528-4AF4-9168-F860AF332D0B}.Release|x64.ActiveCfg = Release|Any CPU
		{98527DC8-1528-4AF4-9168-F860AF332D0B}.Release|x64.Build.0 = Release|Any CPU
		{98527DC8-1528-4AF4-9168-F860AF332D0B}.Release|x86.ActiveCfg = Release|Any CPU
		{98527DC8-1528-4AF4-9168-F860AF332D0B}.Release|x86.Build.0 = Release|Any CPU
	EndGlobalSection
	GlobalSection(SolutionProperties) = preSolution
		HideSolutionNode = FALSE
	EndGlobalSection
	GlobalSection(NestedProjects) = preSolution
		{05AD66D8-B0BC-0403-B10F-A8864D28CBFE} = {827E0CD3-B72D-47B6-A68D-7590B98EB39B}
		{AEC2E064-3C57-40D1-A384-145309952577} = {05AD66D8-B0BC-0403-B10F-A8864D28CBFE}
		{69B16F12-6E07-4346-C21A-045731E68E7A} = {827E0CD3-B72D-47B6-A68D-7590B98EB39B}
		{2DC201BA-7658-4ED1-BCFB-BD1F52176CD1} = {69B16F12-6E07-4346-C21A-045731E68E7A}
		{204ECC8A-4C8C-06A8-7EEC-D568B118FA74} = {827E0CD3-B72D-47B6-A68D-7590B98EB39B}
		{8F63DAC2-0D34-BFD2-36A1-0039A6E2C3DB} = {204ECC8A-4C8C-06A8-7EEC-D568B118FA74}
		{4DA684A4-7CA9-45A5-8209-52F97381222C} = {8F63DAC2-0D34-BFD2-36A1-0039A6E2C3DB}
		{646E8EEF-9AC9-9DA8-EBAE-5468B8EC133F} = {204ECC8A-4C8C-06A8-7EEC-D568B118FA74}
		{6B56B9F6-23B4-4F3C-A2D9-1BD88B02B9F0} = {646E8EEF-9AC9-9DA8-EBAE-5468B8EC133F}
		{9AEC6508-9497-27D4-01FE-29BD0671C31D} = {204ECC8A-4C8C-06A8-7EEC-D568B118FA74}
		{27F2E4E2-F232-4CA9-B42B-3430CD7C3DF9} = {9AEC6508-9497-27D4-01FE-29BD0671C31D}
		{3CB232BF-1D9A-D42D-B8D4-D852812FD0EC} = {204ECC8A-4C8C-06A8-7EEC-D568B118FA74}
		{98527DC8-1528-4AF4-9168-F860AF332D0B} = {3CB232BF-1D9A-D42D-B8D4-D852812FD0EC}
	EndGlobalSection
EndGlobal
